
Microsoft Visual Studio Solution File, Format Version 12.00
# Visual Studio Version 17
VisualStudioVersion = 17.5.002.0
MinimumVisualStudioVersion = 10.0.40219.1
Project("{9A19103F-16F7-4668-BE54-9A1E7A4F7556}") = "Prova_2", "Prova_2.csproj", "{9FF40BAA-B567-4ED4-801F-DF395F77DBA7}"
EndProject
Project("{FAE04EC0-301F-11D3-BF4B-00C04F79EFBC}") = "Prova_2_test", "..\Prova_2_test\Prova_2_test.csproj", "{DEDDA912-0321-4D41-BF8B-877CD8FB49D6}"
EndProject
Global
	GlobalSection(SolutionConfigurationPlatforms) = preSolution
		Debug|Any CPU = Debug|Any CPU
		Release|Any CPU = Release|Any CPU
	EndGlobalSection
	GlobalSection(ProjectConfigurationPlatforms) = postSolution
		{9FF40BAA-B567-4ED4-801F-DF395F77DBA7}.Debug|Any CPU.ActiveCfg = Debug|Any CPU
		{9FF40BAA-B567-4ED4-801F-DF395F77DBA7}.Debug|Any CPU.Build.0 = Debug|Any CPU
		{9FF40BAA-B567-4ED4-801F-DF395F77DBA7}.Release|Any CPU.ActiveCfg = Release|Any CPU
		{9FF40BAA-B567-4ED4-801F-DF395F77DBA7}.Release|Any CPU.Build.0 = Release|Any CPU
		{DEDDA912-0321-4D41-BF8B-877CD8FB49D6}.Debug|Any CPU.ActiveCfg = Debug|Any CPU
		{DEDDA912-0321-4D41-BF8B-877CD8FB49D6}.Debug|Any CPU.Build.0 = Debug|Any CPU
		{DEDDA912-0321-4D41-BF8B-877CD8FB49D6}.Release|Any CPU.ActiveCfg = Release|Any CPU
		{DEDDA912-0321-4D41-BF8B-877CD8FB49D6}.Release|Any CPU.Build.0 = Release|Any CPU
	EndGlobalSection
	GlobalSection(SolutionProperties) = preSolution
		HideSolutionNode = FALSE
	EndGlobalSection
	GlobalSection(ExtensibilityGlobals) = postSolution
		SolutionGuid = {1C2B3CFB-0A0F-457C-86E9-AE78A371B7E2}
	EndGlobalSection
EndGlobal
